// !$*UTF8*$!
{
	archiveVersion = 1;
	classes = {
	};
	objectVersion = 51;
	objects = {

/* Begin PBXBuildFile section */
		674F294226E0A90300A9D2B2 /* AppDelegate.swift in Sources */ = {isa = PBXBuildFile; fileRef = 674F294126E0A90300A9D2B2 /* AppDelegate.swift */; };
		674F294626E0A90300A9D2B2 /* PreviewPageVC.swift in Sources */ = {isa = PBXBuildFile; fileRef = 674F294526E0A90300A9D2B2 /* PreviewPageVC.swift */; };
		674F294E26E0A90400A9D2B2 /* LaunchScreen.storyboard in Resources */ = {isa = PBXBuildFile; fileRef = 674F294C26E0A90400A9D2B2 /* LaunchScreen.storyboard */; };
		674F295726E0ADA000A9D2B2 /* SSNavigationController.swift in Sources */ = {isa = PBXBuildFile; fileRef = 674F295626E0ADA000A9D2B2 /* SSNavigationController.swift */; };
		674F295A26E0AE0400A9D2B2 /* Constant.swift in Sources */ = {isa = PBXBuildFile; fileRef = 674F295926E0AE0400A9D2B2 /* Constant.swift */; };
		674F296026E0B45100A9D2B2 /* UIViewController.swift in Sources */ = {isa = PBXBuildFile; fileRef = 674F295F26E0B45100A9D2B2 /* UIViewController.swift */; };
		674F296326E0BCBD00A9D2B2 /* MainVC.swift in Sources */ = {isa = PBXBuildFile; fileRef = 674F296226E0BCBD00A9D2B2 /* MainVC.swift */; };
		674F296526E0C9B100A9D2B2 /* Helper.swift in Sources */ = {isa = PBXBuildFile; fileRef = 674F296426E0C9B100A9D2B2 /* Helper.swift */; };
		6754544F26E6491D008D3DD0 /* HeadCollectionVC.swift in Sources */ = {isa = PBXBuildFile; fileRef = 6754544E26E6491D008D3DD0 /* HeadCollectionVC.swift */; };
		675ECA4526F2D47F00DE9C4A /* SettingVC.swift in Sources */ = {isa = PBXBuildFile; fileRef = 675ECA4426F2D47F00DE9C4A /* SettingVC.swift */; };
		675ECA4926F2F5E900DE9C4A /* Marketing.swift in Sources */ = {isa = PBXBuildFile; fileRef = 675ECA4826F2F5E900DE9C4A /* Marketing.swift */; };
		675ECA4B26F2F70100DE9C4A /* Statistics.swift in Sources */ = {isa = PBXBuildFile; fileRef = 675ECA4A26F2F70100DE9C4A /* Statistics.swift */; };
		675ECA5326F33D6B00DE9C4A /* AlertVC.swift in Sources */ = {isa = PBXBuildFile; fileRef = 675ECA5226F33D6B00DE9C4A /* AlertVC.swift */; };
		6781123226E4B2D900BE1BBD /* GetWidthHeight.swift in Sources */ = {isa = PBXBuildFile; fileRef = 6781123126E4B2D900BE1BBD /* GetWidthHeight.swift */; };
		6781123626E4B47100BE1BBD /* HeadView.swift in Sources */ = {isa = PBXBuildFile; fileRef = 6781123526E4B47100BE1BBD /* HeadView.swift */; };
		678B988026FDA36E00096723 /* AppTracking.swift in Sources */ = {isa = PBXBuildFile; fileRef = 678B987F26FDA36E00096723 /* AppTracking.swift */; };
		6794C31E26E6E68E00FF28C8 /* HeadCollectionViewCell.swift in Sources */ = {isa = PBXBuildFile; fileRef = 6794C31D26E6E68E00FF28C8 /* HeadCollectionViewCell.swift */; };
		679AE63126E464D300E12E1D /* Localizations.strings in Resources */ = {isa = PBXBuildFile; fileRef = 679AE63326E464D300E12E1D /* Localizations.strings */; };
		679AE63426E464D900E12E1D /* InfoPlist.strings in Resources */ = {isa = PBXBuildFile; fileRef = 679AE63626E464D900E12E1D /* InfoPlist.strings */; };
		67CE706426E89C7A008E908A /* Assets.xcassets in Resources */ = {isa = PBXBuildFile; fileRef = 67CE706326E89C7A008E908A /* Assets.xcassets */; };
		67CE706626E8AA0F008E908A /* RTMAudioRecord.swift in Sources */ = {isa = PBXBuildFile; fileRef = 67CE706526E8AA0F008E908A /* RTMAudioRecord.swift */; };
		67CE707C26EA0632008E908A /* 18.wav in Resources */ = {isa = PBXBuildFile; fileRef = 67CE706826EA0630008E908A /* 18.wav */; };
		67CE707D26EA0632008E908A /* 14.wav in Resources */ = {isa = PBXBuildFile; fileRef = 67CE706926EA0630008E908A /* 14.wav */; };
		67CE707E26EA0632008E908A /* 5.wav in Resources */ = {isa = PBXBuildFile; fileRef = 67CE706A26EA0630008E908A /* 5.wav */; };
		67CE707F26EA0632008E908A /* 7.wav in Resources */ = {isa = PBXBuildFile; fileRef = 67CE706B26EA0630008E908A /* 7.wav */; };
		67CE708026EA0632008E908A /* 4.wav in Resources */ = {isa = PBXBuildFile; fileRef = 67CE706C26EA0630008E908A /* 4.wav */; };
		67CE708126EA0632008E908A /* 17.wav in Resources */ = {isa = PBXBuildFile; fileRef = 67CE706D26EA0631008E908A /* 17.wav */; };
		67CE708226EA0632008E908A /* 2.wav in Resources */ = {isa = PBXBuildFile; fileRef = 67CE706E26EA0631008E908A /* 2.wav */; };
		67CE708326EA0632008E908A /* 10.wav in Resources */ = {isa = PBXBuildFile; fileRef = 67CE706F26EA0631008E908A /* 10.wav */; };
		67CE708426EA0632008E908A /* 3.wav in Resources */ = {isa = PBXBuildFile; fileRef = 67CE707026EA0631008E908A /* 3.wav */; };
		67CE708526EA0632008E908A /* 11.wav in Resources */ = {isa = PBXBuildFile; fileRef = 67CE707126EA0631008E908A /* 11.wav */; };
		67CE708726EA0632008E908A /* 8.wav in Resources */ = {isa = PBXBuildFile; fileRef = 67CE707326EA0631008E908A /* 8.wav */; };
		67CE708926EA0632008E908A /* 15.wav in Resources */ = {isa = PBXBuildFile; fileRef = 67CE707526EA0631008E908A /* 15.wav */; };
		67CE708A26EA0632008E908A /* 1.wav in Resources */ = {isa = PBXBuildFile; fileRef = 67CE707626EA0631008E908A /* 1.wav */; };
		67CE708B26EA0632008E908A /* 6.wav in Resources */ = {isa = PBXBuildFile; fileRef = 67CE707726EA0631008E908A /* 6.wav */; };
		67CE708C26EA0632008E908A /* 12.wav in Resources */ = {isa = PBXBuildFile; fileRef = 67CE707826EA0631008E908A /* 12.wav */; };
		67CE708D26EA0632008E908A /* 19.wav in Resources */ = {isa = PBXBuildFile; fileRef = 67CE707926EA0631008E908A /* 19.wav */; };
		67CE708E26EA0632008E908A /* 9.wav in Resources */ = {isa = PBXBuildFile; fileRef = 67CE707A26EA0631008E908A /* 9.wav */; };
		67CE708F26EA0632008E908A /* 16.wav in Resources */ = {isa = PBXBuildFile; fileRef = 67CE707B26EA0631008E908A /* 16.wav */; };
		67CE709126EAFBF9008E908A /* 13.wav in Resources */ = {isa = PBXBuildFile; fileRef = 67CE709026EAFBF9008E908A /* 13.wav */; };
		67CE70A126EB01D0008E908A /* 呼噜声.wav in Resources */ = {isa = PBXBuildFile; fileRef = 67CE709326EB01CE008E908A /* 呼噜声.wav */; };
		67CE70A226EB01D0008E908A /* 开心.wav in Resources */ = {isa = PBXBuildFile; fileRef = 67CE709426EB01CE008E908A /* 开心.wav */; };
		67CE70A326EB01D0008E908A /* 好奇.wav in Resources */ = {isa = PBXBuildFile; fileRef = 67CE709526EB01CE008E908A /* 好奇.wav */; };
		67CE70A426EB01D0008E908A /* 求安慰.wav in Resources */ = {isa = PBXBuildFile; fileRef = 67CE709626EB01CE008E908A /* 求安慰.wav */; };
		67CE70A626EB01D0008E908A /* 讨厌.wav in Resources */ = {isa = PBXBuildFile; fileRef = 67CE709826EB01CF008E908A /* 讨厌.wav */; };
		67CE70A726EB01D0008E908A /* 饥饿.wav in Resources */ = {isa = PBXBuildFile; fileRef = 67CE709926EB01CF008E908A /* 饥饿.wav */; };
		67CE70A826EB01D0008E908A /* 喂.wav in Resources */ = {isa = PBXBuildFile; fileRef = 67CE709A26EB01CF008E908A /* 喂.wav */; };
		67CE70A926EB01D0008E908A /* 委屈.wav in Resources */ = {isa = PBXBuildFile; fileRef = 67CE709B26EB01CF008E908A /* 委屈.wav */; };
		67CE70AB26EB01D0008E908A /* 愤怒.wav in Resources */ = {isa = PBXBuildFile; fileRef = 67CE709D26EB01D0008E908A /* 愤怒.wav */; };
		67CE70AE26EB01D0008E908A /* 抢食物.wav in Resources */ = {isa = PBXBuildFile; fileRef = 67CE70A026EB01D0008E908A /* 抢食物.wav */; };
		67CE70B026EB01DF008E908A /* 狗狗挑衅.wav in Resources */ = {isa = PBXBuildFile; fileRef = 67CE70AF26EB01DF008E908A /* 狗狗挑衅.wav */; };
		67CE70B226EB01F2008E908A /* 撒娇.wav in Resources */ = {isa = PBXBuildFile; fileRef = 67CE70B126EB01F2008E908A /* 撒娇.wav */; };
		67CE70B426EB032A008E908A /* 卖萌.wav in Resources */ = {isa = PBXBuildFile; fileRef = 67CE70B326EB032A008E908A /* 卖萌.wav */; };
		67CE70B626EB0335008E908A /* 炸毛.wav in Resources */ = {isa = PBXBuildFile; fileRef = 67CE70B526EB0335008E908A /* 炸毛.wav */; };
		67CE70B826EB4B9A008E908A /* PlayCatVC.swift in Sources */ = {isa = PBXBuildFile; fileRef = 67CE70B726EB4B9A008E908A /* PlayCatVC.swift */; };
		67CE70BA26ECEC6B008E908A /* PlayCatCollectionViewCell.swift in Sources */ = {isa = PBXBuildFile; fileRef = 67CE70B926ECEC6B008E908A /* PlayCatCollectionViewCell.swift */; };
		67CE70BE26EEFFAE008E908A /* SettingTableViewCell.swift in Sources */ = {isa = PBXBuildFile; fileRef = 67CE70BD26EEFFAE008E908A /* SettingTableViewCell.swift */; };
		F9ECB2A252C67E45674925D8 /* Pods_CatTranslator.framework in Frameworks */ = {isa = PBXBuildFile; fileRef = 8DEA549E7CA10477EBAD121E /* Pods_CatTranslator.framework */; };
/* End PBXBuildFile section */

/* Begin PBXFileReference section */
		674F293E26E0A90300A9D2B2 /* CatTranslator.app */ = {isa = PBXFileReference; explicitFileType = wrapper.application; includeInIndex = 0; path = CatTranslator.app; sourceTree = BUILT_PRODUCTS_DIR; };
		674F294126E0A90300A9D2B2 /* AppDelegate.swift */ = {isa = PBXFileReference; lastKnownFileType = sourcecode.swift; path = AppDelegate.swift; sourceTree = "<group>"; };
		674F294526E0A90300A9D2B2 /* PreviewPageVC.swift */ = {isa = PBXFileReference; lastKnownFileType = sourcecode.swift; path = PreviewPageVC.swift; sourceTree = "<group>"; };
		674F294D26E0A90400A9D2B2 /* Base */ = {isa = PBXFileReference; lastKnownFileType = file.storyboard; name = Base; path = Base.lproj/LaunchScreen.storyboard; sourceTree = "<group>"; };
		674F295626E0ADA000A9D2B2 /* SSNavigationController.swift */ = {isa = PBXFileReference; fileEncoding = 4; lastKnownFileType = sourcecode.swift; path = SSNavigationController.swift; sourceTree = "<group>"; };
		674F295926E0AE0400A9D2B2 /* Constant.swift */ = {isa = PBXFileReference; fileEncoding = 4; lastKnownFileType = sourcecode.swift; path = Constant.swift; sourceTree = "<group>"; };
		674F295F26E0B45100A9D2B2 /* UIViewController.swift */ = {isa = PBXFileReference; fileEncoding = 4; lastKnownFileType = sourcecode.swift; path = UIViewController.swift; sourceTree = "<group>"; };
		674F296126E0BA9000A9D2B2 /* Info.plist */ = {isa = PBXFileReference; lastKnownFileType = text.plist.xml; name = Info.plist; path = CatTranslator/Info.plist; sourceTree = "<group>"; };
		674F296226E0BCBD00A9D2B2 /* MainVC.swift */ = {isa = PBXFileReference; lastKnownFileType = sourcecode.swift; path = MainVC.swift; sourceTree = "<group>"; };
		674F296426E0C9B100A9D2B2 /* Helper.swift */ = {isa = PBXFileReference; lastKnownFileType = sourcecode.swift; path = Helper.swift; sourceTree = "<group>"; };
		6754544E26E6491D008D3DD0 /* HeadCollectionVC.swift */ = {isa = PBXFileReference; lastKnownFileType = sourcecode.swift; path = HeadCollectionVC.swift; sourceTree = "<group>"; };
		675ECA4426F2D47F00DE9C4A /* SettingVC.swift */ = {isa = PBXFileReference; lastKnownFileType = sourcecode.swift; path = SettingVC.swift; sourceTree = "<group>"; };
		675ECA4826F2F5E900DE9C4A /* Marketing.swift */ = {isa = PBXFileReference; fileEncoding = 4; lastKnownFileType = sourcecode.swift; path = Marketing.swift; sourceTree = "<group>"; };
		675ECA4A26F2F70100DE9C4A /* Statistics.swift */ = {isa = PBXFileReference; fileEncoding = 4; lastKnownFileType = sourcecode.swift; path = Statistics.swift; sourceTree = "<group>"; };
		675ECA5226F33D6B00DE9C4A /* AlertVC.swift */ = {isa = PBXFileReference; lastKnownFileType = sourcecode.swift; path = AlertVC.swift; sourceTree = "<group>"; };
		6781123126E4B2D900BE1BBD /* GetWidthHeight.swift */ = {isa = PBXFileReference; fileEncoding = 4; lastKnownFileType = sourcecode.swift; path = GetWidthHeight.swift; sourceTree = "<group>"; };
		6781123526E4B47100BE1BBD /* HeadView.swift */ = {isa = PBXFileReference; lastKnownFileType = sourcecode.swift; path = HeadView.swift; sourceTree = "<group>"; };
		678B987E26FB20EB00096723 /* CatTranslator.entitlements */ = {isa = PBXFileReference; lastKnownFileType = text.plist.entitlements; path = CatTranslator.entitlements; sourceTree = "<group>"; };
		678B987F26FDA36E00096723 /* AppTracking.swift */ = {isa = PBXFileReference; fileEncoding = 4; lastKnownFileType = sourcecode.swift; path = AppTracking.swift; sourceTree = "<group>"; };
		6794C31D26E6E68E00FF28C8 /* HeadCollectionViewCell.swift */ = {isa = PBXFileReference; lastKnownFileType = sourcecode.swift; path = HeadCollectionViewCell.swift; sourceTree = "<group>"; };
		679AE63226E464D300E12E1D /* en */ = {isa = PBXFileReference; lastKnownFileType = text.plist.strings; name = en; path = en.lproj/Localizations.strings; sourceTree = "<group>"; };
		679AE63526E464D900E12E1D /* en */ = {isa = PBXFileReference; lastKnownFileType = text.plist.strings; name = en; path = en.lproj/InfoPlist.strings; sourceTree = "<group>"; };
		679AE63726E4651200E12E1D /* zh-Hans */ = {isa = PBXFileReference; lastKnownFileType = text.plist.strings; name = "zh-Hans"; path = "zh-Hans.lproj/Localizations.strings"; sourceTree = "<group>"; };
		679AE63826E4651200E12E1D /* zh-Hans */ = {isa = PBXFileReference; lastKnownFileType = text.plist.strings; name = "zh-Hans"; path = "zh-Hans.lproj/InfoPlist.strings"; sourceTree = "<group>"; };
		679AE63926E4651E00E12E1D /* zh-Hant */ = {isa = PBXFileReference; lastKnownFileType = text.plist.strings; name = "zh-Hant"; path = "zh-Hant.lproj/Localizations.strings"; sourceTree = "<group>"; };
		679AE63A26E4651E00E12E1D /* zh-Hant */ = {isa = PBXFileReference; lastKnownFileType = text.plist.strings; name = "zh-Hant"; path = "zh-Hant.lproj/InfoPlist.strings"; sourceTree = "<group>"; };
		679AE63B26E4653000E12E1D /* ja */ = {isa = PBXFileReference; lastKnownFileType = text.plist.strings; name = ja; path = ja.lproj/Localizations.strings; sourceTree = "<group>"; };
		679AE63C26E4653000E12E1D /* ja */ = {isa = PBXFileReference; lastKnownFileType = text.plist.strings; name = ja; path = ja.lproj/InfoPlist.strings; sourceTree = "<group>"; };
		679AE63D26E46A4D00E12E1D /* CatTranslator-Bridging-Header.h */ = {isa = PBXFileReference; lastKnownFileType = sourcecode.c.h; path = "CatTranslator-Bridging-Header.h"; sourceTree = "<group>"; };
		67CE706326E89C7A008E908A /* Assets.xcassets */ = {isa = PBXFileReference; lastKnownFileType = folder.assetcatalog; path = Assets.xcassets; sourceTree = "<group>"; };
		67CE706526E8AA0F008E908A /* RTMAudioRecord.swift */ = {isa = PBXFileReference; lastKnownFileType = sourcecode.swift; path = RTMAudioRecord.swift; sourceTree = "<group>"; };
		67CE706826EA0630008E908A /* 18.wav */ = {isa = PBXFileReference; lastKnownFileType = audio.wav; path = 18.wav; sourceTree = "<group>"; };
		67CE706926EA0630008E908A /* 14.wav */ = {isa = PBXFileReference; lastKnownFileType = audio.wav; path = 14.wav; sourceTree = "<group>"; };
		67CE706A26EA0630008E908A /* 5.wav */ = {isa = PBXFileReference; lastKnownFileType = audio.wav; path = 5.wav; sourceTree = "<group>"; };
		67CE706B26EA0630008E908A /* 7.wav */ = {isa = PBXFileReference; lastKnownFileType = audio.wav; path = 7.wav; sourceTree = "<group>"; };
		67CE706C26EA0630008E908A /* 4.wav */ = {isa = PBXFileReference; lastKnownFileType = audio.wav; path = 4.wav; sourceTree = "<group>"; };
		67CE706D26EA0631008E908A /* 17.wav */ = {isa = PBXFileReference; lastKnownFileType = audio.wav; path = 17.wav; sourceTree = "<group>"; };
		67CE706E26EA0631008E908A /* 2.wav */ = {isa = PBXFileReference; lastKnownFileType = audio.wav; path = 2.wav; sourceTree = "<group>"; };
		67CE706F26EA0631008E908A /* 10.wav */ = {isa = PBXFileReference; lastKnownFileType = audio.wav; path = 10.wav; sourceTree = "<group>"; };
		67CE707026EA0631008E908A /* 3.wav */ = {isa = PBXFileReference; lastKnownFileType = audio.wav; path = 3.wav; sourceTree = "<group>"; };
		67CE707126EA0631008E908A /* 11.wav */ = {isa = PBXFileReference; lastKnownFileType = audio.wav; path = 11.wav; sourceTree = "<group>"; };
		67CE707326EA0631008E908A /* 8.wav */ = {isa = PBXFileReference; lastKnownFileType = audio.wav; path = 8.wav; sourceTree = "<group>"; };
		67CE707526EA0631008E908A /* 15.wav */ = {isa = PBXFileReference; lastKnownFileType = audio.wav; path = 15.wav; sourceTree = "<group>"; };
		67CE707626EA0631008E908A /* 1.wav */ = {isa = PBXFileReference; lastKnownFileType = audio.wav; path = 1.wav; sourceTree = "<group>"; };
		67CE707726EA0631008E908A /* 6.wav */ = {isa = PBXFileReference; lastKnownFileType = audio.wav; path = 6.wav; sourceTree = "<group>"; };
		67CE707826EA0631008E908A /* 12.wav */ = {isa = PBXFileReference; lastKnownFileType = audio.wav; path = 12.wav; sourceTree = "<group>"; };
		67CE707926EA0631008E908A /* 19.wav */ = {isa = PBXFileReference; lastKnownFileType = audio.wav; path = 19.wav; sourceTree = "<group>"; };
		67CE707A26EA0631008E908A /* 9.wav */ = {isa = PBXFileReference; lastKnownFileType = audio.wav; path = 9.wav; sourceTree = "<group>"; };
		67CE707B26EA0631008E908A /* 16.wav */ = {isa = PBXFileReference; lastKnownFileType = audio.wav; path = 16.wav; sourceTree = "<group>"; };
		67CE709026EAFBF9008E908A /* 13.wav */ = {isa = PBXFileReference; lastKnownFileType = audio.wav; path = 13.wav; sourceTree = "<group>"; };
		67CE709326EB01CE008E908A /* 呼噜声.wav */ = {isa = PBXFileReference; lastKnownFileType = audio.wav; path = "呼噜声.wav"; sourceTree = "<group>"; };
		67CE709426EB01CE008E908A /* 开心.wav */ = {isa = PBXFileReference; lastKnownFileType = audio.wav; path = "开心.wav"; sourceTree = "<group>"; };
		67CE709526EB01CE008E908A /* 好奇.wav */ = {isa = PBXFileReference; lastKnownFileType = audio.wav; path = "好奇.wav"; sourceTree = "<group>"; };
		67CE709626EB01CE008E908A /* 求安慰.wav */ = {isa = PBXFileReference; lastKnownFileType = audio.wav; path = "求安慰.wav"; sourceTree = "<group>"; };
		67CE709826EB01CF008E908A /* 讨厌.wav */ = {isa = PBXFileReference; lastKnownFileType = audio.wav; path = "讨厌.wav"; sourceTree = "<group>"; };
		67CE709926EB01CF008E908A /* 饥饿.wav */ = {isa = PBXFileReference; lastKnownFileType = audio.wav; path = "饥饿.wav"; sourceTree = "<group>"; };
		67CE709A26EB01CF008E908A /* 喂.wav */ = {isa = PBXFileReference; lastKnownFileType = audio.wav; path = "喂.wav"; sourceTree = "<group>"; };
		67CE709B26EB01CF008E908A /* 委屈.wav */ = {isa = PBXFileReference; lastKnownFileType = audio.wav; path = "委屈.wav"; sourceTree = "<group>"; };
		67CE709D26EB01D0008E908A /* 愤怒.wav */ = {isa = PBXFileReference; lastKnownFileType = audio.wav; path = "愤怒.wav"; sourceTree = "<group>"; };
		67CE70A026EB01D0008E908A /* 抢食物.wav */ = {isa = PBXFileReference; lastKnownFileType = audio.wav; path = "抢食物.wav"; sourceTree = "<group>"; };
		67CE70AF26EB01DF008E908A /* 狗狗挑衅.wav */ = {isa = PBXFileReference; lastKnownFileType = audio.wav; path = "狗狗挑衅.wav"; sourceTree = "<group>"; };
		67CE70B126EB01F2008E908A /* 撒娇.wav */ = {isa = PBXFileReference; lastKnownFileType = audio.wav; path = "撒娇.wav"; sourceTree = "<group>"; };
		67CE70B326EB032A008E908A /* 卖萌.wav */ = {isa = PBXFileReference; lastKnownFileType = audio.wav; path = "卖萌.wav"; sourceTree = "<group>"; };
		67CE70B526EB0335008E908A /* 炸毛.wav */ = {isa = PBXFileReference; lastKnownFileType = audio.wav; path = "炸毛.wav"; sourceTree = "<group>"; };
		67CE70B726EB4B9A008E908A /* PlayCatVC.swift */ = {isa = PBXFileReference; lastKnownFileType = sourcecode.swift; path = PlayCatVC.swift; sourceTree = "<group>"; };
		67CE70B926ECEC6B008E908A /* PlayCatCollectionViewCell.swift */ = {isa = PBXFileReference; lastKnownFileType = sourcecode.swift; path = PlayCatCollectionViewCell.swift; sourceTree = "<group>"; };
		67CE70BD26EEFFAE008E908A /* SettingTableViewCell.swift */ = {isa = PBXFileReference; lastKnownFileType = sourcecode.swift; path = SettingTableViewCell.swift; sourceTree = "<group>"; };
		8DEA549E7CA10477EBAD121E /* Pods_CatTranslator.framework */ = {isa = PBXFileReference; explicitFileType = wrapper.framework; includeInIndex = 0; path = Pods_CatTranslator.framework; sourceTree = BUILT_PRODUCTS_DIR; };
		AE789EAB2B06DFAE1CBA43B7 /* Pods-CatTranslator.release.xcconfig */ = {isa = PBXFileReference; includeInIndex = 1; lastKnownFileType = text.xcconfig; name = "Pods-CatTranslator.release.xcconfig"; path = "Target Support Files/Pods-CatTranslator/Pods-CatTranslator.release.xcconfig"; sourceTree = "<group>"; };
		D02670C293E1F87077D6CA8E /* Pods-CatTranslator.debug.xcconfig */ = {isa = PBXFileReference; includeInIndex = 1; lastKnownFileType = text.xcconfig; name = "Pods-CatTranslator.debug.xcconfig"; path = "Target Support Files/Pods-CatTranslator/Pods-CatTranslator.debug.xcconfig"; sourceTree = "<group>"; };
/* End PBXFileReference section */

/* Begin PBXFrameworksBuildPhase section */
		674F293B26E0A90200A9D2B2 /* Frameworks */ = {
			isa = PBXFrameworksBuildPhase;
			buildActionMask = 2147483647;
			files = (
				F9ECB2A252C67E45674925D8 /* Pods_CatTranslator.framework in Frameworks */,
			);
			runOnlyForDeploymentPostprocessing = 0;
		};
/* End PBXFrameworksBuildPhase section */

/* Begin PBXGroup section */
		29EC335AF6946682821BAC90 /* Pods */ = {
			isa = PBXGroup;
			children = (
				D02670C293E1F87077D6CA8E /* Pods-CatTranslator.debug.xcconfig */,
				AE789EAB2B06DFAE1CBA43B7 /* Pods-CatTranslator.release.xcconfig */,
			);
			path = Pods;
			sourceTree = "<group>";
		};
		674F293526E0A90200A9D2B2 = {
			isa = PBXGroup;
			children = (
				674F294026E0A90300A9D2B2 /* CatTranslator */,
				674F296126E0BA9000A9D2B2 /* Info.plist */,
				674F293F26E0A90300A9D2B2 /* Products */,
				29EC335AF6946682821BAC90 /* Pods */,
				8962A82A32D10880E69F9443 /* Frameworks */,
			);
			sourceTree = "<group>";
		};
		674F293F26E0A90300A9D2B2 /* Products */ = {
			isa = PBXGroup;
			children = (
				674F293E26E0A90300A9D2B2 /* CatTranslator.app */,
			);
			name = Products;
			sourceTree = "<group>";
		};
		674F294026E0A90300A9D2B2 /* CatTranslator */ = {
			isa = PBXGroup;
			children = (
				678B987E26FB20EB00096723 /* CatTranslator.entitlements */,
				6781123026E4B2C600BE1BBD /* Feature */,
				674F295E26E0B43D00A9D2B2 /* Extendsion */,
				674F295526E0AD8D00A9D2B2 /* Base */,
				674F295D26E0AFD700A9D2B2 /* View */,
				674F295B26E0AF6B00A9D2B2 /* Controller */,
				674F295826E0ADB600A9D2B2 /* Globle */,
				674F295C26E0AF7C00A9D2B2 /* Resource */,
			);
			path = CatTranslator;
			sourceTree = "<group>";
		};
		674F295526E0AD8D00A9D2B2 /* Base */ = {
			isa = PBXGroup;
			children = (
				674F295626E0ADA000A9D2B2 /* SSNavigationController.swift */,
			);
			path = Base;
			sourceTree = "<group>";
		};
		674F295826E0ADB600A9D2B2 /* Globle */ = {
			isa = PBXGroup;
			children = (
				675ECA4826F2F5E900DE9C4A /* Marketing.swift */,
				674F294126E0A90300A9D2B2 /* AppDelegate.swift */,
				678B987F26FDA36E00096723 /* AppTracking.swift */,
				675ECA4A26F2F70100DE9C4A /* Statistics.swift */,
				674F295926E0AE0400A9D2B2 /* Constant.swift */,
				674F296426E0C9B100A9D2B2 /* Helper.swift */,
				679AE63D26E46A4D00E12E1D /* CatTranslator-Bridging-Header.h */,
			);
			path = Globle;
			sourceTree = "<group>";
		};
		674F295B26E0AF6B00A9D2B2 /* Controller */ = {
			isa = PBXGroup;
			children = (
				674F294526E0A90300A9D2B2 /* PreviewPageVC.swift */,
				674F296226E0BCBD00A9D2B2 /* MainVC.swift */,
				6754544E26E6491D008D3DD0 /* HeadCollectionVC.swift */,
				67CE70B726EB4B9A008E908A /* PlayCatVC.swift */,
				675ECA4426F2D47F00DE9C4A /* SettingVC.swift */,
				675ECA5226F33D6B00DE9C4A /* AlertVC.swift */,
			);
			path = Controller;
			sourceTree = "<group>";
		};
		674F295C26E0AF7C00A9D2B2 /* Resource */ = {
			isa = PBXGroup;
			children = (
				67CE709226EB01AB008E908A /* MoodAudio */,
				67CE706726EA04B2008E908A /* CatAudio */,
				67CE706326E89C7A008E908A /* Assets.xcassets */,
				674F294C26E0A90400A9D2B2 /* LaunchScreen.storyboard */,
				679AE63326E464D300E12E1D /* Localizations.strings */,
				679AE63626E464D900E12E1D /* InfoPlist.strings */,
			);
			path = Resource;
			sourceTree = "<group>";
		};
		674F295D26E0AFD700A9D2B2 /* View */ = {
			isa = PBXGroup;
			children = (
				6781123526E4B47100BE1BBD /* HeadView.swift */,
				6794C31D26E6E68E00FF28C8 /* HeadCollectionViewCell.swift */,
				67CE70B926ECEC6B008E908A /* PlayCatCollectionViewCell.swift */,
				67CE70BD26EEFFAE008E908A /* SettingTableViewCell.swift */,
			);
			path = View;
			sourceTree = "<group>";
		};
		674F295E26E0B43D00A9D2B2 /* Extendsion */ = {
			isa = PBXGroup;
			children = (
				674F295F26E0B45100A9D2B2 /* UIViewController.swift */,
			);
			path = Extendsion;
			sourceTree = "<group>";
		};
		6781123026E4B2C600BE1BBD /* Feature */ = {
			isa = PBXGroup;
			children = (
				6781123126E4B2D900BE1BBD /* GetWidthHeight.swift */,
				67CE706526E8AA0F008E908A /* RTMAudioRecord.swift */,
			);
			path = Feature;
			sourceTree = "<group>";
		};
		67CE706726EA04B2008E908A /* CatAudio */ = {
			isa = PBXGroup;
			children = (
				67CE707626EA0631008E908A /* 1.wav */,
				67CE706E26EA0631008E908A /* 2.wav */,
				67CE707026EA0631008E908A /* 3.wav */,
				67CE706C26EA0630008E908A /* 4.wav */,
				67CE706A26EA0630008E908A /* 5.wav */,
				67CE707726EA0631008E908A /* 6.wav */,
				67CE706B26EA0630008E908A /* 7.wav */,
				67CE707326EA0631008E908A /* 8.wav */,
				67CE707A26EA0631008E908A /* 9.wav */,
				67CE706F26EA0631008E908A /* 10.wav */,
				67CE707126EA0631008E908A /* 11.wav */,
				67CE707826EA0631008E908A /* 12.wav */,
				67CE709026EAFBF9008E908A /* 13.wav */,
				67CE706926EA0630008E908A /* 14.wav */,
				67CE707526EA0631008E908A /* 15.wav */,
				67CE707B26EA0631008E908A /* 16.wav */,
				67CE706D26EA0631008E908A /* 17.wav */,
				67CE706826EA0630008E908A /* 18.wav */,
				67CE707926EA0631008E908A /* 19.wav */,
			);
			path = CatAudio;
			sourceTree = "<group>";
		};
		67CE709226EB01AB008E908A /* MoodAudio */ = {
			isa = PBXGroup;
			children = (
				67CE709D26EB01D0008E908A /* 愤怒.wav */,
				67CE709526EB01CE008E908A /* 好奇.wav */,
				67CE70AF26EB01DF008E908A /* 狗狗挑衅.wav */,
				67CE70B326EB032A008E908A /* 卖萌.wav */,
				67CE709326EB01CE008E908A /* 呼噜声.wav */,
				67CE709926EB01CF008E908A /* 饥饿.wav */,
				67CE70B126EB01F2008E908A /* 撒娇.wav */,
				67CE709426EB01CE008E908A /* 开心.wav */,
				67CE70A026EB01D0008E908A /* 抢食物.wav */,
				67CE709626EB01CE008E908A /* 求安慰.wav */,
				67CE70B526EB0335008E908A /* 炸毛.wav */,
				67CE709826EB01CF008E908A /* 讨厌.wav */,
				67CE709B26EB01CF008E908A /* 委屈.wav */,
				67CE709A26EB01CF008E908A /* 喂.wav */,
			);
			path = MoodAudio;
			sourceTree = "<group>";
		};
		8962A82A32D10880E69F9443 /* Frameworks */ = {
			isa = PBXGroup;
			children = (
				8DEA549E7CA10477EBAD121E /* Pods_CatTranslator.framework */,
			);
			name = Frameworks;
			sourceTree = "<group>";
		};
/* End PBXGroup section */

/* Begin PBXNativeTarget section */
		674F293D26E0A90200A9D2B2 /* CatTranslator */ = {
			isa = PBXNativeTarget;
			buildConfigurationList = 674F295226E0A90400A9D2B2 /* Build configuration list for PBXNativeTarget "CatTranslator" */;
			buildPhases = (
				A95E1CFA40099D4BE89889A6 /* [CP] Check Pods Manifest.lock */,
				674F293A26E0A90200A9D2B2 /* Sources */,
				674F293B26E0A90200A9D2B2 /* Frameworks */,
				674F293C26E0A90200A9D2B2 /* Resources */,
				E49C4DD68B95D92E352CFBED /* [CP] Embed Pods Frameworks */,
				4D137E1B7E7815F6799DAD7D /* [CP] Copy Pods Resources */,
			);
			buildRules = (
			);
			dependencies = (
			);
			name = CatTranslator;
			productName = CatTranslator;
			productReference = 674F293E26E0A90300A9D2B2 /* CatTranslator.app */;
			productType = "com.apple.product-type.application";
		};
/* End PBXNativeTarget section */

/* Begin PBXProject section */
		674F293626E0A90200A9D2B2 /* Project object */ = {
			isa = PBXProject;
			attributes = {
				LastSwiftUpdateCheck = 1250;
				LastUpgradeCheck = 1250;
				TargetAttributes = {
					674F293D26E0A90200A9D2B2 = {
						CreatedOnToolsVersion = 12.5.1;
					};
				};
			};
			buildConfigurationList = 674F293926E0A90200A9D2B2 /* Build configuration list for PBXProject "CatTranslator" */;
			compatibilityVersion = "Xcode 9.3";
			developmentRegion = en;
			hasScannedForEncodings = 0;
			knownRegions = (
				en,
				Base,
				"zh-Hans",
				"zh-Hant",
				ja,
			);
			mainGroup = 674F293526E0A90200A9D2B2;
			productRefGroup = 674F293F26E0A90300A9D2B2 /* Products */;
			projectDirPath = "";
			projectRoot = "";
			targets = (
				674F293D26E0A90200A9D2B2 /* CatTranslator */,
			);
		};
/* End PBXProject section */

/* Begin PBXResourcesBuildPhase section */
		674F293C26E0A90200A9D2B2 /* Resources */ = {
			isa = PBXResourcesBuildPhase;
			buildActionMask = 2147483647;
			files = (
				67CE70A326EB01D0008E908A /* 好奇.wav in Resources */,
				67CE708226EA0632008E908A /* 2.wav in Resources */,
				67CE707C26EA0632008E908A /* 18.wav in Resources */,
				67CE70A626EB01D0008E908A /* 讨厌.wav in Resources */,
				67CE708F26EA0632008E908A /* 16.wav in Resources */,
				67CE70A826EB01D0008E908A /* 喂.wav in Resources */,
				67CE70A126EB01D0008E908A /* 呼噜声.wav in Resources */,
				67CE70B226EB01F2008E908A /* 撒娇.wav in Resources */,
				67CE707F26EA0632008E908A /* 7.wav in Resources */,
				67CE70A226EB01D0008E908A /* 开心.wav in Resources */,
				67CE708D26EA0632008E908A /* 19.wav in Resources */,
				67CE70AE26EB01D0008E908A /* 抢食物.wav in Resources */,
				674F294E26E0A90400A9D2B2 /* LaunchScreen.storyboard in Resources */,
				67CE70AB26EB01D0008E908A /* 愤怒.wav in Resources */,
				67CE708026EA0632008E908A /* 4.wav in Resources */,
				67CE707E26EA0632008E908A /* 5.wav in Resources */,
				67CE708B26EA0632008E908A /* 6.wav in Resources */,
				67CE70A426EB01D0008E908A /* 求安慰.wav in Resources */,
				67CE70B426EB032A008E908A /* 卖萌.wav in Resources */,
				67CE708126EA0632008E908A /* 17.wav in Resources */,
				67CE708A26EA0632008E908A /* 1.wav in Resources */,
				67CE708526EA0632008E908A /* 11.wav in Resources */,
				679AE63426E464D900E12E1D /* InfoPlist.strings in Resources */,
				67CE70B026EB01DF008E908A /* 狗狗挑衅.wav in Resources */,
				67CE708726EA0632008E908A /* 8.wav in Resources */,
				67CE708426EA0632008E908A /* 3.wav in Resources */,
				67CE70A726EB01D0008E908A /* 饥饿.wav in Resources */,
				67CE708326EA0632008E908A /* 10.wav in Resources */,
				67CE706426E89C7A008E908A /* Assets.xcassets in Resources */,
				67CE709126EAFBF9008E908A /* 13.wav in Resources */,
				67CE708926EA0632008E908A /* 15.wav in Resources */,
				67CE708E26EA0632008E908A /* 9.wav in Resources */,
				67CE708C26EA0632008E908A /* 12.wav in Resources */,
				67CE707D26EA0632008E908A /* 14.wav in Resources */,
				67CE70A926EB01D0008E908A /* 委屈.wav in Resources */,
				67CE70B626EB0335008E908A /* 炸毛.wav in Resources */,
				679AE63126E464D300E12E1D /* Localizations.strings in Resources */,
			);
			runOnlyForDeploymentPostprocessing = 0;
		};
/* End PBXResourcesBuildPhase section */

/* Begin PBXShellScriptBuildPhase section */
		4D137E1B7E7815F6799DAD7D /* [CP] Copy Pods Resources */ = {
			isa = PBXShellScriptBuildPhase;
			buildActionMask = 2147483647;
			files = (
			);
			inputFileListPaths = (
				"${PODS_ROOT}/Target Support Files/Pods-CatTranslator/Pods-CatTranslator-resources-${CONFIGURATION}-input-files.xcfilelist",
			);
			name = "[CP] Copy Pods Resources";
			outputFileListPaths = (
				"${PODS_ROOT}/Target Support Files/Pods-CatTranslator/Pods-CatTranslator-resources-${CONFIGURATION}-output-files.xcfilelist",
			);
			runOnlyForDeploymentPostprocessing = 0;
			shellPath = /bin/sh;
			shellScript = "\"${PODS_ROOT}/Target Support Files/Pods-CatTranslator/Pods-CatTranslator-resources.sh\"\n";
			showEnvVarsInLog = 0;
		};
		A95E1CFA40099D4BE89889A6 /* [CP] Check Pods Manifest.lock */ = {
			isa = PBXShellScriptBuildPhase;
			buildActionMask = 2147483647;
			files = (
			);
			inputFileListPaths = (
			);
			inputPaths = (
				"${PODS_PODFILE_DIR_PATH}/Podfile.lock",
				"${PODS_ROOT}/Manifest.lock",
			);
			name = "[CP] Check Pods Manifest.lock";
			outputFileListPaths = (
			);
			outputPaths = (
				"$(DERIVED_FILE_DIR)/Pods-CatTranslator-checkManifestLockResult.txt",
			);
			runOnlyForDeploymentPostprocessing = 0;
			shellPath = /bin/sh;
			shellScript = "diff \"${PODS_PODFILE_DIR_PATH}/Podfile.lock\" \"${PODS_ROOT}/Manifest.lock\" > /dev/null\nif [ $? != 0 ] ; then\n    # print error to STDERR\n    echo \"error: The sandbox is not in sync with the Podfile.lock. Run 'pod install' or update your CocoaPods installation.\" >&2\n    exit 1\nfi\n# This output is used by Xcode 'outputs' to avoid re-running this script phase.\necho \"SUCCESS\" > \"${SCRIPT_OUTPUT_FILE_0}\"\n";
			showEnvVarsInLog = 0;
		};
		E49C4DD68B95D92E352CFBED /* [CP] Embed Pods Frameworks */ = {
			isa = PBXShellScriptBuildPhase;
			buildActionMask = 2147483647;
			files = (
			);
			inputFileListPaths = (
				"${PODS_ROOT}/Target Support Files/Pods-CatTranslator/Pods-CatTranslator-frameworks-${CONFIGURATION}-input-files.xcfilelist",
			);
			name = "[CP] Embed Pods Frameworks";
			outputFileListPaths = (
				"${PODS_ROOT}/Target Support Files/Pods-CatTranslator/Pods-CatTranslator-frameworks-${CONFIGURATION}-output-files.xcfilelist",
			);
			runOnlyForDeploymentPostprocessing = 0;
			shellPath = /bin/sh;
			shellScript = "\"${PODS_ROOT}/Target Support Files/Pods-CatTranslator/Pods-CatTranslator-frameworks.sh\"\n";
			showEnvVarsInLog = 0;
		};
/* End PBXShellScriptBuildPhase section */

/* Begin PBXSourcesBuildPhase section */
		674F293A26E0A90200A9D2B2 /* Sources */ = {
			isa = PBXSourcesBuildPhase;
			buildActionMask = 2147483647;
			files = (
				6781123226E4B2D900BE1BBD /* GetWidthHeight.swift in Sources */,
				675ECA4526F2D47F00DE9C4A /* SettingVC.swift in Sources */,
				6781123626E4B47100BE1BBD /* HeadView.swift in Sources */,
				674F294626E0A90300A9D2B2 /* PreviewPageVC.swift in Sources */,
				678B988026FDA36E00096723 /* AppTracking.swift in Sources */,
				67CE706626E8AA0F008E908A /* RTMAudioRecord.swift in Sources */,
				674F296526E0C9B100A9D2B2 /* Helper.swift in Sources */,
				675ECA4B26F2F70100DE9C4A /* Statistics.swift in Sources */,
				674F296326E0BCBD00A9D2B2 /* MainVC.swift in Sources */,
				67CE70BE26EEFFAE008E908A /* SettingTableViewCell.swift in Sources */,
				674F295726E0ADA000A9D2B2 /* SSNavigationController.swift in Sources */,
				6754544F26E6491D008D3DD0 /* HeadCollectionVC.swift in Sources */,
				6794C31E26E6E68E00FF28C8 /* HeadCollectionViewCell.swift in Sources */,
				675ECA4926F2F5E900DE9C4A /* Marketing.swift in Sources */,
				67CE70B826EB4B9A008E908A /* PlayCatVC.swift in Sources */,
				674F294226E0A90300A9D2B2 /* AppDelegate.swift in Sources */,
				67CE70BA26ECEC6B008E908A /* PlayCatCollectionViewCell.swift in Sources */,
				675ECA5326F33D6B00DE9C4A /* AlertVC.swift in Sources */,
				674F295A26E0AE0400A9D2B2 /* Constant.swift in Sources */,
				674F296026E0B45100A9D2B2 /* UIViewController.swift in Sources */,
			);
			runOnlyForDeploymentPostprocessing = 0;
		};
/* End PBXSourcesBuildPhase section */

/* Begin PBXVariantGroup section */
		674F294C26E0A90400A9D2B2 /* LaunchScreen.storyboard */ = {
			isa = PBXVariantGroup;
			children = (
				674F294D26E0A90400A9D2B2 /* Base */,
			);
			name = LaunchScreen.storyboard;
			sourceTree = "<group>";
		};
		679AE63326E464D300E12E1D /* Localizations.strings */ = {
			isa = PBXVariantGroup;
			children = (
				679AE63226E464D300E12E1D /* en */,
				679AE63726E4651200E12E1D /* zh-Hans */,
				679AE63926E4651E00E12E1D /* zh-Hant */,
				679AE63B26E4653000E12E1D /* ja */,
			);
			name = Localizations.strings;
			sourceTree = "<group>";
		};
		679AE63626E464D900E12E1D /* InfoPlist.strings */ = {
			isa = PBXVariantGroup;
			children = (
				679AE63526E464D900E12E1D /* en */,
				679AE63826E4651200E12E1D /* zh-Hans */,
				679AE63A26E4651E00E12E1D /* zh-Hant */,
				679AE63C26E4653000E12E1D /* ja */,
			);
			name = InfoPlist.strings;
			sourceTree = "<group>";
		};
/* End PBXVariantGroup section */

/* Begin XCBuildConfiguration section */
		674F295026E0A90400A9D2B2 /* Debug */ = {
			isa = XCBuildConfiguration;
			buildSettings = {
				ALWAYS_SEARCH_USER_PATHS = NO;
				CLANG_ANALYZER_LOCALIZABILITY_NONLOCALIZED = YES;
				CLANG_ANALYZER_NONNULL = YES;
				CLANG_ANALYZER_NUMBER_OBJECT_CONVERSION = YES_AGGRESSIVE;
				CLANG_CXX_LANGUAGE_STANDARD = "gnu++14";
				CLANG_CXX_LIBRARY = "libc++";
				CLANG_ENABLE_MODULES = YES;
				CLANG_ENABLE_OBJC_ARC = YES;
				CLANG_ENABLE_OBJC_WEAK = YES;
				CLANG_WARN_BLOCK_CAPTURE_AUTORELEASING = YES;
				CLANG_WARN_BOOL_CONVERSION = YES;
				CLANG_WARN_COMMA = YES;
				CLANG_WARN_CONSTANT_CONVERSION = YES;
				CLANG_WARN_DEPRECATED_OBJC_IMPLEMENTATIONS = YES;
				CLANG_WARN_DIRECT_OBJC_ISA_USAGE = YES_ERROR;
				CLANG_WARN_DOCUMENTATION_COMMENTS = YES;
				CLANG_WARN_EMPTY_BODY = YES;
				CLANG_WARN_ENUM_CONVERSION = YES;
				CLANG_WARN_INFINITE_RECURSION = YES;
				CLANG_WARN_INT_CONVERSION = YES;
				CLANG_WARN_NON_LITERAL_NULL_CONVERSION = YES;
				CLANG_WARN_OBJC_IMPLICIT_RETAIN_SELF = YES;
				CLANG_WARN_OBJC_LITERAL_CONVERSION = YES;
				CLANG_WARN_OBJC_ROOT_CLASS = YES_ERROR;
				CLANG_WARN_QUOTED_INCLUDE_IN_FRAMEWORK_HEADER = YES;
				CLANG_WARN_RANGE_LOOP_ANALYSIS = YES;
				CLANG_WARN_STRICT_PROTOTYPES = YES;
				CLANG_WARN_SUSPICIOUS_MOVE = YES;
				CLANG_WARN_UNGUARDED_AVAILABILITY = YES_AGGRESSIVE;
				CLANG_WARN_UNREACHABLE_CODE = YES;
				CLANG_WARN__DUPLICATE_METHOD_MATCH = YES;
				COPY_PHASE_STRIP = NO;
				DEBUG_INFORMATION_FORMAT = dwarf;
				ENABLE_BITCODE = NO;
				ENABLE_STRICT_OBJC_MSGSEND = YES;
				ENABLE_TESTABILITY = YES;
				GCC_C_LANGUAGE_STANDARD = gnu11;
				GCC_DYNAMIC_NO_PIC = NO;
				GCC_NO_COMMON_BLOCKS = YES;
				GCC_OPTIMIZATION_LEVEL = 0;
				GCC_PREPROCESSOR_DEFINITIONS = (
					"DEBUG=1",
					"$(inherited)",
				);
				GCC_WARN_64_TO_32_BIT_CONVERSION = YES;
				GCC_WARN_ABOUT_RETURN_TYPE = YES_ERROR;
				GCC_WARN_UNDECLARED_SELECTOR = YES;
				GCC_WARN_UNINITIALIZED_AUTOS = YES_AGGRESSIVE;
				GCC_WARN_UNUSED_FUNCTION = YES;
				GCC_WARN_UNUSED_VARIABLE = YES;
				IPHONEOS_DEPLOYMENT_TARGET = 10.0;
				MTL_ENABLE_DEBUG_INFO = INCLUDE_SOURCE;
				MTL_FAST_MATH = YES;
				ONLY_ACTIVE_ARCH = YES;
				SDKROOT = iphoneos;
				SWIFT_ACTIVE_COMPILATION_CONDITIONS = DEBUG;
				SWIFT_OPTIMIZATION_LEVEL = "-Onone";
			};
			name = Debug;
		};
		674F295126E0A90400A9D2B2 /* Release */ = {
			isa = XCBuildConfiguration;
			buildSettings = {
				ALWAYS_SEARCH_USER_PATHS = NO;
				CLANG_ANALYZER_LOCALIZABILITY_NONLOCALIZED = YES;
				CLANG_ANALYZER_NONNULL = YES;
				CLANG_ANALYZER_NUMBER_OBJECT_CONVERSION = YES_AGGRESSIVE;
				CLANG_CXX_LANGUAGE_STANDARD = "gnu++14";
				CLANG_CXX_LIBRARY = "libc++";
				CLANG_ENABLE_MODULES = YES;
				CLANG_ENABLE_OBJC_ARC = YES;
				CLANG_ENABLE_OBJC_WEAK = YES;
				CLANG_WARN_BLOCK_CAPTURE_AUTORELEASING = YES;
				CLANG_WARN_BOOL_CONVERSION = YES;
				CLANG_WARN_COMMA = YES;
				CLANG_WARN_CONSTANT_CONVERSION = YES;
				CLANG_WARN_DEPRECATED_OBJC_IMPLEMENTATIONS = YES;
				CLANG_WARN_DIRECT_OBJC_ISA_USAGE = YES_ERROR;
				CLANG_WARN_DOCUMENTATION_COMMENTS = YES;
				CLANG_WARN_EMPTY_BODY = YES;
				CLANG_WARN_ENUM_CONVERSION = YES;
				CLANG_WARN_INFINITE_RECURSION = YES;
				CLANG_WARN_INT_CONVERSION = YES;
				CLANG_WARN_NON_LITERAL_NULL_CONVERSION = YES;
				CLANG_WARN_OBJC_IMPLICIT_RETAIN_SELF = YES;
				CLANG_WARN_OBJC_LITERAL_CONVERSION = YES;
				CLANG_WARN_OBJC_ROOT_CLASS = YES_ERROR;
				CLANG_WARN_QUOTED_INCLUDE_IN_FRAMEWORK_HEADER = YES;
				CLANG_WARN_RANGE_LOOP_ANALYSIS = YES;
				CLANG_WARN_STRICT_PROTOTYPES = YES;
				CLANG_WARN_SUSPICIOUS_MOVE = YES;
				CLANG_WARN_UNGUARDED_AVAILABILITY = YES_AGGRESSIVE;
				CLANG_WARN_UNREACHABLE_CODE = YES;
				CLANG_WARN__DUPLICATE_METHOD_MATCH = YES;
				COPY_PHASE_STRIP = NO;
				DEBUG_INFORMATION_FORMAT = "dwarf-with-dsym";
				ENABLE_BITCODE = NO;
				ENABLE_NS_ASSERTIONS = NO;
				ENABLE_STRICT_OBJC_MSGSEND = YES;
				ENABLE_TESTABILITY = NO;
				GCC_C_LANGUAGE_STANDARD = gnu11;
				GCC_NO_COMMON_BLOCKS = YES;
				GCC_WARN_64_TO_32_BIT_CONVERSION = YES;
				GCC_WARN_ABOUT_RETURN_TYPE = YES_ERROR;
				GCC_WARN_UNDECLARED_SELECTOR = YES;
				GCC_WARN_UNINITIALIZED_AUTOS = YES_AGGRESSIVE;
				GCC_WARN_UNUSED_FUNCTION = YES;
				GCC_WARN_UNUSED_VARIABLE = YES;
				IPHONEOS_DEPLOYMENT_TARGET = 10.0;
				MTL_ENABLE_DEBUG_INFO = NO;
				MTL_FAST_MATH = YES;
				SDKROOT = iphoneos;
				SWIFT_COMPILATION_MODE = wholemodule;
				SWIFT_OPTIMIZATION_LEVEL = "-O";
				VALIDATE_PRODUCT = YES;
			};
			name = Release;
		};
		674F295326E0A90400A9D2B2 /* Debug */ = {
			isa = XCBuildConfiguration;
			baseConfigurationReference = D02670C293E1F87077D6CA8E /* Pods-CatTranslator.debug.xcconfig */;
			buildSettings = {
				ASSETCATALOG_COMPILER_APPICON_NAME = AppIcon;
				ASSETCATALOG_COMPILER_GLOBAL_ACCENT_COLOR_NAME = AccentColor;
				CODE_SIGN_ENTITLEMENTS = CatTranslator/CatTranslator.entitlements;
				CODE_SIGN_STYLE = Automatic;
				DEVELOPMENT_TEAM = BYLX9G7HJ9;
				INFOPLIST_FILE = CatTranslator/Info.plist;
				LD_RUNPATH_SEARCH_PATHS = (
					"$(inherited)",
					"@executable_path/Frameworks",
				);
				PRODUCT_BUNDLE_IDENTIFIER = GC.CatTranslator;
				PRODUCT_NAME = "$(TARGET_NAME)";
				SWIFT_OBJC_BRIDGING_HEADER = "CatTranslator/Globle/CatTranslator-Bridging-Header.h";
				SWIFT_VERSION = 5.0;
				TARGETED_DEVICE_FAMILY = "1,2";
			};
			name = Debug;
		};
		674F295426E0A90400A9D2B2 /* Release */ = {
			isa = XCBuildConfiguration;
			baseConfigurationReference = AE789EAB2B06DFAE1CBA43B7 /* Pods-CatTranslator.release.xcconfig */;
			buildSettings = {
				ASSETCATALOG_COMPILER_APPICON_NAME = AppIcon;
				ASSETCATALOG_COMPILER_GLOBAL_ACCENT_COLOR_NAME = AccentColor;
				CODE_SIGN_ENTITLEMENTS = CatTranslator/CatTranslator.entitlements;
				CODE_SIGN_STYLE = Automatic;
				DEVELOPMENT_TEAM = BYLX9G7HJ9;
				INFOPLIST_FILE = CatTranslator/Info.plist;
				LD_RUNPATH_SEARCH_PATHS = (
					"$(inherited)",
					"@executable_path/Frameworks",
				);
				PRODUCT_BUNDLE_IDENTIFIER = GC.CatTranslator;
				PRODUCT_NAME = "$(TARGET_NAME)";
				SWIFT_OBJC_BRIDGING_HEADER = "CatTranslator/Globle/CatTranslator-Bridging-Header.h";
				SWIFT_VERSION = 5.0;
				TARGETED_DEVICE_FAMILY = "1,2";
			};
			name = Release;
		};
/* End XCBuildConfiguration section */

/* Begin XCConfigurationList section */
		674F293926E0A90200A9D2B2 /* Build configuration list for PBXProject "CatTranslator" */ = {
			isa = XCConfigurationList;
			buildConfigurations = (
				674F295026E0A90400A9D2B2 /* Debug */,
				674F295126E0A90400A9D2B2 /* Release */,
			);
			defaultConfigurationIsVisible = 0;
			defaultConfigurationName = Release;
		};
		674F295226E0A90400A9D2B2 /* Build configuration list for PBXNativeTarget "CatTranslator" */ = {
			isa = XCConfigurationList;
			buildConfigurations = (
				674F295326E0A90400A9D2B2 /* Debug */,
				674F295426E0A90400A9D2B2 /* Release */,
			);
			defaultConfigurationIsVisible = 0;
			defaultConfigurationName = Release;
		};
/* End XCConfigurationList section */
	};
	rootObject = 674F293626E0A90200A9D2B2 /* Project object */;
}
